
Microsoft Visual Studio Solution File, Format Version 12.00
# Visual Studio Version 17
VisualStudioVersion = 17.5.33627.172
MinimumVisualStudioVersion = 10.0.40219.1
Project("{8BC9CEB8-8B4A-11D0-8D11-00A0C91BC942}") = "Leave_Lib_Pjt", "Leave_Lib_Pjt.vcxproj", "{D7385F53-AB9B-485E-8A3F-6D216F3AD2EC}"
EndProject
Project("{8BC9CEB8-8B4A-11D0-8D11-00A0C91BC942}") = "Leave_pjt", "..\Leave_pjt\Leave_pjt.vcxproj", "{AAED2525-9C59-4E64-973B-4621D88B9BAA}"
EndProject
Global
	GlobalSection(SolutionConfigurationPlatforms) = preSolution
		Debug|x64 = Debug|x64
		Debug|x86 = Debug|x86
		Release|x64 = Release|x64
		Release|x86 = Release|x86
	EndGlobalSection
	GlobalSection(ProjectConfigurationPlatforms) = postSolution
		{D7385F53-AB9B-485E-8A3F-6D216F3AD2EC}.Debug|x64.ActiveCfg = Debug|x64
		{D7385F53-AB9B-485E-8A3F-6D216F3AD2EC}.Debug|x64.Build.0 = Debug|x64
		{D7385F53-AB9B-485E-8A3F-6D216F3AD2EC}.Debug|x86.ActiveCfg = Debug|Win32
		{D7385F53-AB9B-485E-8A3F-6D216F3AD2EC}.Debug|x86.Build.0 = Debug|Win32
		{D7385F53-AB9B-485E-8A3F-6D216F3AD2EC}.Release|x64.ActiveCfg = Release|x64
		{D7385F53-AB9B-485E-8A3F-6D216F3AD2EC}.Release|x64.Build.0 = Release|x64
		{D7385F53-AB9B-485E-8A3F-6D216F3AD2EC}.Release|x86.ActiveCfg = Release|Win32
		{D7385F53-AB9B-485E-8A3F-6D216F3AD2EC}.Release|x86.Build.0 = Release|Win32
		{AAED2525-9C59-4E64-973B-4621D88B9BAA}.Debug|x64.ActiveCfg = Debug|x64
		{AAED2525-9C59-4E64-973B-4621D88B9BAA}.Debug|x64.Build.0 = Debug|x64
		{AAED2525-9C59-4E64-973B-4621D88B9BAA}.Debug|x86.ActiveCfg = Debug|Win32
		{AAED2525-9C59-4E64-973B-4621D88B9BAA}.Debug|x86.Build.0 = Debug|Win32
		{AAED2525-9C59-4E64-973B-4621D88B9BAA}.Release|x64.ActiveCfg = Release|x64
		{AAED2525-9C59-4E64-973B-4621D88B9BAA}.Release|x64.Build.0 = Release|x64
		{AAED2525-9C59-4E64-973B-4621D88B9BAA}.Release|x86.ActiveCfg = Release|Win32
		{AAED2525-9C59-4E64-973B-4621D88B9BAA}.Release|x86.Build.0 = Release|Win32
	EndGlobalSection
	GlobalSection(SolutionProperties) = preSolution
		HideSolutionNode = FALSE
	EndGlobalSection
	GlobalSection(ExtensibilityGlobals) = postSolution
		SolutionGuid = {2F286518-1336-49AF-BD4A-78D7542B348F}
	EndGlobalSection
EndGlobal
